
Microsoft Visual Studio Solution File, Format Version 12.00
# Visual Studio Version 16
VisualStudioVersion = 16.0.32228.343
MinimumVisualStudioVersion = 10.0.40219.1
Project("{FAE04EC0-301F-11D3-BF4B-00C04F79EFBC}") = "Lab2", "Lab2\Lab2.csproj", "{43551E16-51E2-4FD9-8EFF-DF8DB84177AD}"
EndProject
Global
	GlobalSection(SolutionConfigurationPlatforms) = preSolution
		Debug|Any CPU = Debug|Any CPU
		Release|Any CPU = Release|Any CPU
	EndGlobalSection
	GlobalSection(ProjectConfigurationPlatforms) = postSolution
		{43551E16-51E2-4FD9-8EFF-DF8DB84177AD}.Debug|Any CPU.ActiveCfg = Debug|Any CPU
		{43551E16-51E2-4FD9-8EFF-DF8DB84177AD}.Debug|Any CPU.Build.0 = Debug|Any CPU
		{43551E16-51E2-4FD9-8EFF-DF8DB84177AD}.Release|Any CPU.ActiveCfg = Release|Any CPU
		{43551E16-51E2-4FD9-8EFF-DF8DB84177AD}.Release|Any CPU.Build.0 = Release|Any CPU
	EndGlobalSection
	GlobalSection(SolutionProperties) = preSolution
		HideSolutionNode = FALSE
	EndGlobalSection
	GlobalSection(ExtensibilityGlobals) = postSolution
		SolutionGuid = {18426851-3C80-45D2-9F63-B6971864498B}
	EndGlobalSection
EndGlobal
